
Microsoft Visual Studio Solution File, Format Version 12.00
# Visual Studio Version 16
VisualStudioVersion = 16.0.28803.202
MinimumVisualStudioVersion = 10.0.40219.1
Project("{2150E333-8FDC-42A3-9474-1A3956D46DE8}") = "Recursive", "Recursive", "{97DDD34C-1188-4708-A97A-CE9BAB779A49}"
EndProject
Project("{2150E333-8FDC-42A3-9474-1A3956D46DE8}") = "Iterative", "Iterative", "{39C112BB-1329-496F-895E-E470F35954FA}"
EndProject
Project("{9A19103F-16F7-4668-BE54-9A1E7A4F7556}") = "LinkedList", "Recursive\LinkedList\LinkedList.csproj", "{80428BDB-436A-4A40-B0DC-5C9185AC8B2B}"
EndProject
Project("{9A19103F-16F7-4668-BE54-9A1E7A4F7556}") = "BinarySearchTree_With_LinkedList", "Recursive\BinarySearch\BinarySearch - With Linked List\BinarySearchTree_With_LinkedList.csproj", "{5AD6CB4D-A0FD-461B-AA8C-824B5C45ABD7}"
EndProject
Project("{9A19103F-16F7-4668-BE54-9A1E7A4F7556}") = "LinkedList", "Iterative\LinkedList\LinkedList.csproj", "{A07F42D1-8F1F-4971-B261-2B87FA194DE4}"
EndProject
Project("{9A19103F-16F7-4668-BE54-9A1E7A4F7556}") = "Queue", "Iterative\Queue\Queue.csproj", "{BE8EE1CD-B040-4660-A4A2-0BCB8041E863}"
EndProject
Project("{9A19103F-16F7-4668-BE54-9A1E7A4F7556}") = "Stack", "Iterative\Stack\Stack.csproj", "{1241E174-2BF1-4801-811A-786DAE3D8723}"
EndProject
Project("{FAE04EC0-301F-11D3-BF4B-00C04F79EFBC}") = "BinarySearch - v1", "Recursive\BinarySearch\BinarySearch - v1\BinarySearch - v1.csproj", "{94D27483-59A0-4497-841C-ADE418234204}"
EndProject
Global
	GlobalSection(SolutionConfigurationPlatforms) = preSolution
		Debug|Any CPU = Debug|Any CPU
		Release|Any CPU = Release|Any CPU
	EndGlobalSection
	GlobalSection(ProjectConfigurationPlatforms) = postSolution
		{80428BDB-436A-4A40-B0DC-5C9185AC8B2B}.Debug|Any CPU.ActiveCfg = Debug|Any CPU
		{80428BDB-436A-4A40-B0DC-5C9185AC8B2B}.Debug|Any CPU.Build.0 = Debug|Any CPU
		{80428BDB-436A-4A40-B0DC-5C9185AC8B2B}.Release|Any CPU.ActiveCfg = Release|Any CPU
		{80428BDB-436A-4A40-B0DC-5C9185AC8B2B}.Release|Any CPU.Build.0 = Release|Any CPU
		{5AD6CB4D-A0FD-461B-AA8C-824B5C45ABD7}.Debug|Any CPU.ActiveCfg = Debug|Any CPU
		{5AD6CB4D-A0FD-461B-AA8C-824B5C45ABD7}.Debug|Any CPU.Build.0 = Debug|Any CPU
		{5AD6CB4D-A0FD-461B-AA8C-824B5C45ABD7}.Release|Any CPU.ActiveCfg = Release|Any CPU
		{5AD6CB4D-A0FD-461B-AA8C-824B5C45ABD7}.Release|Any CPU.Build.0 = Release|Any CPU
		{A07F42D1-8F1F-4971-B261-2B87FA194DE4}.Debug|Any CPU.ActiveCfg = Debug|Any CPU
		{A07F42D1-8F1F-4971-B261-2B87FA194DE4}.Debug|Any CPU.Build.0 = Debug|Any CPU
		{A07F42D1-8F1F-4971-B261-2B87FA194DE4}.Release|Any CPU.ActiveCfg = Release|Any CPU
		{A07F42D1-8F1F-4971-B261-2B87FA194DE4}.Release|Any CPU.Build.0 = Release|Any CPU
		{BE8EE1CD-B040-4660-A4A2-0BCB8041E863}.Debug|Any CPU.ActiveCfg = Debug|Any CPU
		{BE8EE1CD-B040-4660-A4A2-0BCB8041E863}.Debug|Any CPU.Build.0 = Debug|Any CPU
		{BE8EE1CD-B040-4660-A4A2-0BCB8041E863}.Release|Any CPU.ActiveCfg = Release|Any CPU
		{BE8EE1CD-B040-4660-A4A2-0BCB8041E863}.Release|Any CPU.Build.0 = Release|Any CPU
		{1241E174-2BF1-4801-811A-786DAE3D8723}.Debug|Any CPU.ActiveCfg = Debug|Any CPU
		{1241E174-2BF1-4801-811A-786DAE3D8723}.Debug|Any CPU.Build.0 = Debug|Any CPU
		{1241E174-2BF1-4801-811A-786DAE3D8723}.Release|Any CPU.ActiveCfg = Release|Any CPU
		{1241E174-2BF1-4801-811A-786DAE3D8723}.Release|Any CPU.Build.0 = Release|Any CPU
		{94D27483-59A0-4497-841C-ADE418234204}.Debug|Any CPU.ActiveCfg = Debug|Any CPU
		{94D27483-59A0-4497-841C-ADE418234204}.Debug|Any CPU.Build.0 = Debug|Any CPU
		{94D27483-59A0-4497-841C-ADE418234204}.Release|Any CPU.ActiveCfg = Release|Any CPU
		{94D27483-59A0-4497-841C-ADE418234204}.Release|Any CPU.Build.0 = Release|Any CPU
	EndGlobalSection
	GlobalSection(SolutionProperties) = preSolution
		HideSolutionNode = FALSE
	EndGlobalSection
	GlobalSection(NestedProjects) = preSolution
		{80428BDB-436A-4A40-B0DC-5C9185AC8B2B} = {97DDD34C-1188-4708-A97A-CE9BAB779A49}
		{5AD6CB4D-A0FD-461B-AA8C-824B5C45ABD7} = {97DDD34C-1188-4708-A97A-CE9BAB779A49}
		{A07F42D1-8F1F-4971-B261-2B87FA194DE4} = {39C112BB-1329-496F-895E-E470F35954FA}
		{BE8EE1CD-B040-4660-A4A2-0BCB8041E863} = {39C112BB-1329-496F-895E-E470F35954FA}
		{1241E174-2BF1-4801-811A-786DAE3D8723} = {39C112BB-1329-496F-895E-E470F35954FA}
		{94D27483-59A0-4497-841C-ADE418234204} = {97DDD34C-1188-4708-A97A-CE9BAB779A49}
	EndGlobalSection
	GlobalSection(ExtensibilityGlobals) = postSolution
		SolutionGuid = {512575C0-CAB3-4FED-9236-2BB41B69C3BC}
	EndGlobalSection
EndGlobal
