
Microsoft Visual Studio Solution File, Format Version 12.00
# Visual Studio Version 16
VisualStudioVersion = 16.0.28803.202
MinimumVisualStudioVersion = 10.0.40219.1
Project("{2150E333-8FDC-42A3-9474-1A3956D46DE8}") = "Recursive", "Recursive", "{97DDD34C-1188-4708-A97A-CE9BAB779A49}"
EndProject
Project("{2150E333-8FDC-42A3-9474-1A3956D46DE8}") = "Non-Recursive", "Non-Recursive", "{39C112BB-1329-496F-895E-E470F35954FA}"
EndProject
Project("{9A19103F-16F7-4668-BE54-9A1E7A4F7556}") = "Stack", "Non-Recursive\Stack\Stack.csproj", "{530FAD5E-B57E-4EA1-98EB-9571F6EDC29B}"
EndProject
Project("{9A19103F-16F7-4668-BE54-9A1E7A4F7556}") = "Queue", "Non-Recursive\Queue\Queue.csproj", "{1E2FE254-A324-4F03-82BF-600E634F5918}"
EndProject
Project("{9A19103F-16F7-4668-BE54-9A1E7A4F7556}") = "BinarySearchTree", "Recursive\BinarySearch\BinarySearchTree.csproj", "{9B5D865A-F74E-4C16-954F-1E5D1DCD21CB}"
EndProject
Project("{9A19103F-16F7-4668-BE54-9A1E7A4F7556}") = "LinkedList", "Recursive\LinkedList\LinkedList.csproj", "{80428BDB-436A-4A40-B0DC-5C9185AC8B2B}"
EndProject
Global
	GlobalSection(SolutionConfigurationPlatforms) = preSolution
		Debug|Any CPU = Debug|Any CPU
		Release|Any CPU = Release|Any CPU
	EndGlobalSection
	GlobalSection(ProjectConfigurationPlatforms) = postSolution
		{530FAD5E-B57E-4EA1-98EB-9571F6EDC29B}.Debug|Any CPU.ActiveCfg = Debug|Any CPU
		{530FAD5E-B57E-4EA1-98EB-9571F6EDC29B}.Debug|Any CPU.Build.0 = Debug|Any CPU
		{530FAD5E-B57E-4EA1-98EB-9571F6EDC29B}.Release|Any CPU.ActiveCfg = Release|Any CPU
		{530FAD5E-B57E-4EA1-98EB-9571F6EDC29B}.Release|Any CPU.Build.0 = Release|Any CPU
		{1E2FE254-A324-4F03-82BF-600E634F5918}.Debug|Any CPU.ActiveCfg = Debug|Any CPU
		{1E2FE254-A324-4F03-82BF-600E634F5918}.Debug|Any CPU.Build.0 = Debug|Any CPU
		{1E2FE254-A324-4F03-82BF-600E634F5918}.Release|Any CPU.ActiveCfg = Release|Any CPU
		{1E2FE254-A324-4F03-82BF-600E634F5918}.Release|Any CPU.Build.0 = Release|Any CPU
		{9B5D865A-F74E-4C16-954F-1E5D1DCD21CB}.Debug|Any CPU.ActiveCfg = Debug|Any CPU
		{9B5D865A-F74E-4C16-954F-1E5D1DCD21CB}.Debug|Any CPU.Build.0 = Debug|Any CPU
		{9B5D865A-F74E-4C16-954F-1E5D1DCD21CB}.Release|Any CPU.ActiveCfg = Release|Any CPU
		{9B5D865A-F74E-4C16-954F-1E5D1DCD21CB}.Release|Any CPU.Build.0 = Release|Any CPU
		{80428BDB-436A-4A40-B0DC-5C9185AC8B2B}.Debug|Any CPU.ActiveCfg = Debug|Any CPU
		{80428BDB-436A-4A40-B0DC-5C9185AC8B2B}.Debug|Any CPU.Build.0 = Debug|Any CPU
		{80428BDB-436A-4A40-B0DC-5C9185AC8B2B}.Release|Any CPU.ActiveCfg = Release|Any CPU
		{80428BDB-436A-4A40-B0DC-5C9185AC8B2B}.Release|Any CPU.Build.0 = Release|Any CPU
	EndGlobalSection
	GlobalSection(SolutionProperties) = preSolution
		HideSolutionNode = FALSE
	EndGlobalSection
	GlobalSection(NestedProjects) = preSolution
		{530FAD5E-B57E-4EA1-98EB-9571F6EDC29B} = {39C112BB-1329-496F-895E-E470F35954FA}
		{1E2FE254-A324-4F03-82BF-600E634F5918} = {39C112BB-1329-496F-895E-E470F35954FA}
		{9B5D865A-F74E-4C16-954F-1E5D1DCD21CB} = {97DDD34C-1188-4708-A97A-CE9BAB779A49}
		{80428BDB-436A-4A40-B0DC-5C9185AC8B2B} = {97DDD34C-1188-4708-A97A-CE9BAB779A49}
	EndGlobalSection
	GlobalSection(ExtensibilityGlobals) = postSolution
		SolutionGuid = {512575C0-CAB3-4FED-9236-2BB41B69C3BC}
	EndGlobalSection
EndGlobal
