
Microsoft Visual Studio Solution File, Format Version 12.00
# Visual Studio Version 16
VisualStudioVersion = 16.0.28803.202
MinimumVisualStudioVersion = 10.0.40219.1
Project("{9A19103F-16F7-4668-BE54-9A1E7A4F7556}") = "Fibonacci Memoized Solution", "Nth Fibonacci - Memoized Solution\Fibonacci Memoized Solution.csproj", "{D11CDBDB-E4EE-48ED-ACAC-BBC24CD9F2A3}"
EndProject
Project("{9A19103F-16F7-4668-BE54-9A1E7A4F7556}") = "Fibonacci Bottom-up Solution", "Nth Fibonacci - Bottom-up Solution\Fibonacci Bottom-up Solution.csproj", "{9B993FAC-1165-4999-AB59-79CAEB94501F}"
EndProject
Project("{9A19103F-16F7-4668-BE54-9A1E7A4F7556}") = "Fibonacci Recursive Solution", "Nth Fibonacci - Recursive Solution\Fibonacci Recursive Solution.csproj", "{494D7771-D49C-44A1-9EF7-0F56715213F3}"
EndProject
Global
	GlobalSection(SolutionConfigurationPlatforms) = preSolution
		Debug|Any CPU = Debug|Any CPU
		Release|Any CPU = Release|Any CPU
	EndGlobalSection
	GlobalSection(ProjectConfigurationPlatforms) = postSolution
		{D11CDBDB-E4EE-48ED-ACAC-BBC24CD9F2A3}.Debug|Any CPU.ActiveCfg = Debug|Any CPU
		{D11CDBDB-E4EE-48ED-ACAC-BBC24CD9F2A3}.Debug|Any CPU.Build.0 = Debug|Any CPU
		{D11CDBDB-E4EE-48ED-ACAC-BBC24CD9F2A3}.Release|Any CPU.ActiveCfg = Release|Any CPU
		{D11CDBDB-E4EE-48ED-ACAC-BBC24CD9F2A3}.Release|Any CPU.Build.0 = Release|Any CPU
		{9B993FAC-1165-4999-AB59-79CAEB94501F}.Debug|Any CPU.ActiveCfg = Debug|Any CPU
		{9B993FAC-1165-4999-AB59-79CAEB94501F}.Debug|Any CPU.Build.0 = Debug|Any CPU
		{9B993FAC-1165-4999-AB59-79CAEB94501F}.Release|Any CPU.ActiveCfg = Release|Any CPU
		{9B993FAC-1165-4999-AB59-79CAEB94501F}.Release|Any CPU.Build.0 = Release|Any CPU
		{494D7771-D49C-44A1-9EF7-0F56715213F3}.Debug|Any CPU.ActiveCfg = Debug|Any CPU
		{494D7771-D49C-44A1-9EF7-0F56715213F3}.Debug|Any CPU.Build.0 = Debug|Any CPU
		{494D7771-D49C-44A1-9EF7-0F56715213F3}.Release|Any CPU.ActiveCfg = Release|Any CPU
		{494D7771-D49C-44A1-9EF7-0F56715213F3}.Release|Any CPU.Build.0 = Release|Any CPU
	EndGlobalSection
	GlobalSection(SolutionProperties) = preSolution
		HideSolutionNode = FALSE
	EndGlobalSection
	GlobalSection(ExtensibilityGlobals) = postSolution
		SolutionGuid = {16E14A29-E52E-483A-BCED-4921FA2DBF1C}
	EndGlobalSection
EndGlobal
